
Microsoft Visual Studio Solution File, Format Version 12.00
# Visual Studio Version 17
VisualStudioVersion = 17.10.35004.147
MinimumVisualStudioVersion = 10.0.40219.1
Project("{FAE04EC0-301F-11D3-BF4B-00C04F79EFBC}") = "BusinessObjects", "BusinessObjects\BusinessObjects.csproj", "{1089805C-8532-41F8-8AAF-26437835BC07}"
EndProject
Project("{FAE04EC0-301F-11D3-BF4B-00C04F79EFBC}") = "DataAccessObjects", "DataAccessObjects\DataAccessObjects.csproj", "{3340726E-1FB4-4C7A-A56B-C5616CDC9DBF}"
EndProject
Project("{FAE04EC0-301F-11D3-BF4B-00C04F79EFBC}") = "Repositories", "Repositories\Repositories.csproj", "{E924F69D-E5B4-4DB2-99CA-E5ED93DCFDDC}"
EndProject
Project("{FAE04EC0-301F-11D3-BF4B-00C04F79EFBC}") = "Services", "Services\Services.csproj", "{B0B772E9-588B-4C28-8EAC-8270B11A4578}"
EndProject
Project("{FAE04EC0-301F-11D3-BF4B-00C04F79EFBC}") = "TranVanPhiMVC", "TranVanPhiMVC\TranVanPhiMVC.csproj", "{F14E10BD-323C-4CED-8909-C9577CDC0EDD}"
EndProject
Global
	GlobalSection(SolutionConfigurationPlatforms) = preSolution
		Debug|Any CPU = Debug|Any CPU
		Release|Any CPU = Release|Any CPU
	EndGlobalSection
	GlobalSection(ProjectConfigurationPlatforms) = postSolution
		{1089805C-8532-41F8-8AAF-26437835BC07}.Debug|Any CPU.ActiveCfg = Debug|Any CPU
		{1089805C-8532-41F8-8AAF-26437835BC07}.Debug|Any CPU.Build.0 = Debug|Any CPU
		{1089805C-8532-41F8-8AAF-26437835BC07}.Release|Any CPU.ActiveCfg = Release|Any CPU
		{1089805C-8532-41F8-8AAF-26437835BC07}.Release|Any CPU.Build.0 = Release|Any CPU
		{3340726E-1FB4-4C7A-A56B-C5616CDC9DBF}.Debug|Any CPU.ActiveCfg = Debug|Any CPU
		{3340726E-1FB4-4C7A-A56B-C5616CDC9DBF}.Debug|Any CPU.Build.0 = Debug|Any CPU
		{3340726E-1FB4-4C7A-A56B-C5616CDC9DBF}.Release|Any CPU.ActiveCfg = Release|Any CPU
		{3340726E-1FB4-4C7A-A56B-C5616CDC9DBF}.Release|Any CPU.Build.0 = Release|Any CPU
		{E924F69D-E5B4-4DB2-99CA-E5ED93DCFDDC}.Debug|Any CPU.ActiveCfg = Debug|Any CPU
		{E924F69D-E5B4-4DB2-99CA-E5ED93DCFDDC}.Debug|Any CPU.Build.0 = Debug|Any CPU
		{E924F69D-E5B4-4DB2-99CA-E5ED93DCFDDC}.Release|Any CPU.ActiveCfg = Release|Any CPU
		{E924F69D-E5B4-4DB2-99CA-E5ED93DCFDDC}.Release|Any CPU.Build.0 = Release|Any CPU
		{B0B772E9-588B-4C28-8EAC-8270B11A4578}.Debug|Any CPU.ActiveCfg = Debug|Any CPU
		{B0B772E9-588B-4C28-8EAC-8270B11A4578}.Debug|Any CPU.Build.0 = Debug|Any CPU
		{B0B772E9-588B-4C28-8EAC-8270B11A4578}.Release|Any CPU.ActiveCfg = Release|Any CPU
		{B0B772E9-588B-4C28-8EAC-8270B11A4578}.Release|Any CPU.Build.0 = Release|Any CPU
		{F14E10BD-323C-4CED-8909-C9577CDC0EDD}.Debug|Any CPU.ActiveCfg = Debug|Any CPU
		{F14E10BD-323C-4CED-8909-C9577CDC0EDD}.Debug|Any CPU.Build.0 = Debug|Any CPU
		{F14E10BD-323C-4CED-8909-C9577CDC0EDD}.Release|Any CPU.ActiveCfg = Release|Any CPU
		{F14E10BD-323C-4CED-8909-C9577CDC0EDD}.Release|Any CPU.Build.0 = Release|Any CPU
	EndGlobalSection
	GlobalSection(SolutionProperties) = preSolution
		HideSolutionNode = FALSE
	EndGlobalSection
	GlobalSection(ExtensibilityGlobals) = postSolution
		SolutionGuid = {F4DFB51E-4FE7-4A6E-91E2-EAD7108F696F}
	EndGlobalSection
EndGlobal
